
Microsoft Visual Studio Solution File, Format Version 12.00
# Visual Studio Version 17
VisualStudioVersion = 17.0.31903.59
MinimumVisualStudioVersion = 10.0.40219.1
Project("{2150E333-8FDC-42A3-9474-1A3956D46DE8}") = "Database", "Database", "{0395FEBB-159B-4CE2-89DE-685CEB0E5A02}"
EndProject
Project("{2150E333-8FDC-42A3-9474-1A3956D46DE8}") = "BusinessLogic", "BusinessLogic", "{58C52C2D-93FD-4CE0-A64E-58447423FB0E}"
EndProject
Project("{2150E333-8FDC-42A3-9474-1A3956D46DE8}") = "Server", "Server", "{11DA8A1C-8E93-4BA2-A1F0-BBDEA8277D91}"
EndProject
Project("{9A19103F-16F7-4668-BE54-9A1E7A4F7556}") = "Data.Repository", "src\Data.Repository\Data.Repository.csproj", "{2723D4FC-C901-48B4-9BC7-67B6EA54555F}"
EndProject
Project("{9A19103F-16F7-4668-BE54-9A1E7A4F7556}") = "XmlData.GrpcServices", "src\XmlData.GrpcServices\XmlData.GrpcServices.csproj", "{F2D7AE1A-0D03-40A6-912E-35C6868E6A7E}"
EndProject
Project("{9A19103F-16F7-4668-BE54-9A1E7A4F7556}") = "BusinessLogic", "src\BusinessLogic\BusinessLogic.csproj", "{78BF5BAA-1DAF-44CB-AAE2-9A4E17EDC96F}"
EndProject
Project("{2150E333-8FDC-42A3-9474-1A3956D46DE8}") = "Helpers", "Helpers", "{F37A6FDA-8D51-4D91-9B43-36E29341E5DE}"
EndProject
Project("{9A19103F-16F7-4668-BE54-9A1E7A4F7556}") = "XmlDataExtractManager", "src\XmlDataExtractManager\XmlDataExtractManager.csproj", "{1C0D97BF-7656-4A13-905F-216F46DC7BD3}"
EndProject
Project("{2150E333-8FDC-42A3-9474-1A3956D46DE8}") = "Client", "Client", "{816FD400-4B31-4CE1-BAF9-C4B37BB660A7}"
EndProject
Project("{9A19103F-16F7-4668-BE54-9A1E7A4F7556}") = "WebXmlImporter", "src\WebXmlImporter\WebXmlImporter.csproj", "{81D00984-3364-4830-80CB-1BF3AB512402}"
EndProject
Global
	GlobalSection(SolutionConfigurationPlatforms) = preSolution
		Debug|Any CPU = Debug|Any CPU
		Release|Any CPU = Release|Any CPU
	EndGlobalSection
	GlobalSection(ProjectConfigurationPlatforms) = postSolution
		{2723D4FC-C901-48B4-9BC7-67B6EA54555F}.Debug|Any CPU.ActiveCfg = Debug|Any CPU
		{2723D4FC-C901-48B4-9BC7-67B6EA54555F}.Debug|Any CPU.Build.0 = Debug|Any CPU
		{2723D4FC-C901-48B4-9BC7-67B6EA54555F}.Release|Any CPU.ActiveCfg = Release|Any CPU
		{2723D4FC-C901-48B4-9BC7-67B6EA54555F}.Release|Any CPU.Build.0 = Release|Any CPU
		{F2D7AE1A-0D03-40A6-912E-35C6868E6A7E}.Debug|Any CPU.ActiveCfg = Debug|Any CPU
		{F2D7AE1A-0D03-40A6-912E-35C6868E6A7E}.Debug|Any CPU.Build.0 = Debug|Any CPU
		{F2D7AE1A-0D03-40A6-912E-35C6868E6A7E}.Release|Any CPU.ActiveCfg = Release|Any CPU
		{F2D7AE1A-0D03-40A6-912E-35C6868E6A7E}.Release|Any CPU.Build.0 = Release|Any CPU
		{78BF5BAA-1DAF-44CB-AAE2-9A4E17EDC96F}.Debug|Any CPU.ActiveCfg = Debug|Any CPU
		{78BF5BAA-1DAF-44CB-AAE2-9A4E17EDC96F}.Debug|Any CPU.Build.0 = Debug|Any CPU
		{78BF5BAA-1DAF-44CB-AAE2-9A4E17EDC96F}.Release|Any CPU.ActiveCfg = Release|Any CPU
		{78BF5BAA-1DAF-44CB-AAE2-9A4E17EDC96F}.Release|Any CPU.Build.0 = Release|Any CPU
		{1C0D97BF-7656-4A13-905F-216F46DC7BD3}.Debug|Any CPU.ActiveCfg = Debug|Any CPU
		{1C0D97BF-7656-4A13-905F-216F46DC7BD3}.Debug|Any CPU.Build.0 = Debug|Any CPU
		{1C0D97BF-7656-4A13-905F-216F46DC7BD3}.Release|Any CPU.ActiveCfg = Release|Any CPU
		{1C0D97BF-7656-4A13-905F-216F46DC7BD3}.Release|Any CPU.Build.0 = Release|Any CPU
		{81D00984-3364-4830-80CB-1BF3AB512402}.Debug|Any CPU.ActiveCfg = Debug|Any CPU
		{81D00984-3364-4830-80CB-1BF3AB512402}.Debug|Any CPU.Build.0 = Debug|Any CPU
		{81D00984-3364-4830-80CB-1BF3AB512402}.Release|Any CPU.ActiveCfg = Release|Any CPU
		{81D00984-3364-4830-80CB-1BF3AB512402}.Release|Any CPU.Build.0 = Release|Any CPU
	EndGlobalSection
	GlobalSection(SolutionProperties) = preSolution
		HideSolutionNode = FALSE
	EndGlobalSection
	GlobalSection(NestedProjects) = preSolution
		{2723D4FC-C901-48B4-9BC7-67B6EA54555F} = {0395FEBB-159B-4CE2-89DE-685CEB0E5A02}
		{F2D7AE1A-0D03-40A6-912E-35C6868E6A7E} = {11DA8A1C-8E93-4BA2-A1F0-BBDEA8277D91}
		{78BF5BAA-1DAF-44CB-AAE2-9A4E17EDC96F} = {58C52C2D-93FD-4CE0-A64E-58447423FB0E}
		{1C0D97BF-7656-4A13-905F-216F46DC7BD3} = {F37A6FDA-8D51-4D91-9B43-36E29341E5DE}
		{81D00984-3364-4830-80CB-1BF3AB512402} = {816FD400-4B31-4CE1-BAF9-C4B37BB660A7}
	EndGlobalSection
	GlobalSection(ExtensibilityGlobals) = postSolution
		SolutionGuid = {7CB94F06-E585-463B-BEEC-63279D2284D2}
	EndGlobalSection
EndGlobal
